
Microsoft Visual Studio Solution File, Format Version 12.00
# Visual Studio Version 16
VisualStudioVersion = 16.0.29728.190
MinimumVisualStudioVersion = 10.0.40219.1
Project("{FAE04EC0-301F-11D3-BF4B-00C04F79EFBC}") = "LilyPath", "LilyPath\LilyPath.csproj", "{2921C80E-2B58-41C4-B834-B92A478C3631}"
EndProject
Global
	GlobalSection(SolutionConfigurationPlatforms) = preSolution
		Debug|Any CPU = Debug|Any CPU
		Debug|Mixed Platforms = Debug|Mixed Platforms
		Debug|x86 = Debug|x86
		Release.Android|Any CPU = Release.Android|Any CPU
		Release.Android|Mixed Platforms = Release.Android|Mixed Platforms
		Release.Android|x86 = Release.Android|x86
		Release|Any CPU = Release|Any CPU
		Release|Mixed Platforms = Release|Mixed Platforms
		Release|x86 = Release|x86
	EndGlobalSection
	GlobalSection(ProjectConfigurationPlatforms) = postSolution
		{2921C80E-2B58-41C4-B834-B92A478C3631}.Debug|Any CPU.ActiveCfg = Debug|Any CPU
		{2921C80E-2B58-41C4-B834-B92A478C3631}.Debug|Any CPU.Build.0 = Debug|Any CPU
		{2921C80E-2B58-41C4-B834-B92A478C3631}.Debug|Mixed Platforms.ActiveCfg = Debug|Any CPU
		{2921C80E-2B58-41C4-B834-B92A478C3631}.Debug|Mixed Platforms.Build.0 = Debug|Any CPU
		{2921C80E-2B58-41C4-B834-B92A478C3631}.Debug|x86.ActiveCfg = Debug|Any CPU
		{2921C80E-2B58-41C4-B834-B92A478C3631}.Release.Android|Any CPU.ActiveCfg = Release|Any CPU
		{2921C80E-2B58-41C4-B834-B92A478C3631}.Release.Android|Any CPU.Build.0 = Release|Any CPU
		{2921C80E-2B58-41C4-B834-B92A478C3631}.Release.Android|Mixed Platforms.ActiveCfg = Release|Any CPU
		{2921C80E-2B58-41C4-B834-B92A478C3631}.Release.Android|Mixed Platforms.Build.0 = Release|Any CPU
		{2921C80E-2B58-41C4-B834-B92A478C3631}.Release.Android|x86.ActiveCfg = Release|Any CPU
		{2921C80E-2B58-41C4-B834-B92A478C3631}.Release|Any CPU.ActiveCfg = Release|Any CPU
		{2921C80E-2B58-41C4-B834-B92A478C3631}.Release|Any CPU.Build.0 = Release|Any CPU
		{2921C80E-2B58-41C4-B834-B92A478C3631}.Release|Mixed Platforms.ActiveCfg = Release|Any CPU
		{2921C80E-2B58-41C4-B834-B92A478C3631}.Release|Mixed Platforms.Build.0 = Release|Any CPU
		{2921C80E-2B58-41C4-B834-B92A478C3631}.Release|x86.ActiveCfg = Release|Any CPU
	EndGlobalSection
	GlobalSection(SolutionProperties) = preSolution
		HideSolutionNode = FALSE
	EndGlobalSection
	GlobalSection(ExtensibilityGlobals) = postSolution
		SolutionGuid = {D4F0B8A0-BEF3-4CF5-BB13-FBDF68559220}
	EndGlobalSection
EndGlobal
